
Microsoft Visual Studio Solution File, Format Version 12.00
# Visual Studio Version 16
VisualStudioVersion = 16.0.30907.101
MinimumVisualStudioVersion = 10.0.40219.1
Project("{8BC9CEB8-8B4A-11D0-8D11-00A0C91BC942}") = "Project_1", "Project_1\Project_1.vcxproj", "{368187BC-D696-499C-B487-812A4297229D}"
EndProject
Global
	GlobalSection(SolutionConfigurationPlatforms) = preSolution
		Debug|x64 = Debug|x64
		Debug|x86 = Debug|x86
		Release|x64 = Release|x64
		Release|x86 = Release|x86
	EndGlobalSection
	GlobalSection(ProjectConfigurationPlatforms) = postSolution
		{368187BC-D696-499C-B487-812A4297229D}.Debug|x64.ActiveCfg = Debug|x64
		{368187BC-D696-499C-B487-812A4297229D}.Debug|x64.Build.0 = Debug|x64
		{368187BC-D696-499C-B487-812A4297229D}.Debug|x86.ActiveCfg = Debug|Win32
		{368187BC-D696-499C-B487-812A4297229D}.Debug|x86.Build.0 = Debug|Win32
		{368187BC-D696-499C-B487-812A4297229D}.Release|x64.ActiveCfg = Release|x64
		{368187BC-D696-499C-B487-812A4297229D}.Release|x64.Build.0 = Release|x64
		{368187BC-D696-499C-B487-812A4297229D}.Release|x86.ActiveCfg = Release|Win32
		{368187BC-D696-499C-B487-812A4297229D}.Release|x86.Build.0 = Release|Win32
	EndGlobalSection
	GlobalSection(SolutionProperties) = preSolution
		HideSolutionNode = FALSE
	EndGlobalSection
	GlobalSection(ExtensibilityGlobals) = postSolution
		SolutionGuid = {991894FE-675C-452C-96FD-9D3B13A6DA57}
	EndGlobalSection
EndGlobal
